
Microsoft Visual Studio Solution File, Format Version 12.00
# Visual Studio Version 17
VisualStudioVersion = 17.7.34031.279
MinimumVisualStudioVersion = 10.0.40219.1
Project("{FAE04EC0-301F-11D3-BF4B-00C04F79EFBC}") = "inventorymanagement", "inventorymanagement.csproj", "{FFB38C42-ED32-4FAF-AD2E-110C538CAEB3}"
EndProject
Global
	GlobalSection(SolutionConfigurationPlatforms) = preSolution
		Debug|Any CPU = Debug|Any CPU
		Release|Any CPU = Release|Any CPU
	EndGlobalSection
	GlobalSection(ProjectConfigurationPlatforms) = postSolution
		{FFB38C42-ED32-4FAF-AD2E-110C538CAEB3}.Debug|Any CPU.ActiveCfg = Debug|Any CPU
		{FFB38C42-ED32-4FAF-AD2E-110C538CAEB3}.Debug|Any CPU.Build.0 = Debug|Any CPU
		{FFB38C42-ED32-4FAF-AD2E-110C538CAEB3}.Release|Any CPU.ActiveCfg = Release|Any CPU
		{FFB38C42-ED32-4FAF-AD2E-110C538CAEB3}.Release|Any CPU.Build.0 = Release|Any CPU
	EndGlobalSection
	GlobalSection(SolutionProperties) = preSolution
		HideSolutionNode = FALSE
	EndGlobalSection
	GlobalSection(ExtensibilityGlobals) = postSolution
		SolutionGuid = {9BD01F08-DD88-4E85-B19F-36688BA96CEA}
	EndGlobalSection
EndGlobal
